
Microsoft Visual Studio Solution File, Format Version 12.00
# Visual Studio Version 16
VisualStudioVersion = 16.0.28803.156
MinimumVisualStudioVersion = 10.0.40219.1
Project("{FAE04EC0-301F-11D3-BF4B-00C04F79EFBC}") = "MsGeader", "MsGeader\MsGeader.csproj", "{4F168898-114D-4EDA-9AC8-D4D43A153146}"
EndProject
Project("{2150E333-8FDC-42A3-9474-1A3956D46DE8}") = "Tests", "Tests", "{F8D0D683-B4BD-4611-A2C7-B08DC65C31F4}"
EndProject
Project("{FAE04EC0-301F-11D3-BF4B-00C04F79EFBC}") = "MailSender.ConsoleTest", "MailSender.ConsoleTest\MailSender.ConsoleTest.csproj", "{DDE6062A-B605-4EEF-9960-518AB64B7CA4}"
EndProject
Global
	GlobalSection(SolutionConfigurationPlatforms) = preSolution
		Debug|Any CPU = Debug|Any CPU
		Release|Any CPU = Release|Any CPU
	EndGlobalSection
	GlobalSection(ProjectConfigurationPlatforms) = postSolution
		{4F168898-114D-4EDA-9AC8-D4D43A153146}.Debug|Any CPU.ActiveCfg = Debug|Any CPU
		{4F168898-114D-4EDA-9AC8-D4D43A153146}.Debug|Any CPU.Build.0 = Debug|Any CPU
		{4F168898-114D-4EDA-9AC8-D4D43A153146}.Release|Any CPU.ActiveCfg = Release|Any CPU
		{4F168898-114D-4EDA-9AC8-D4D43A153146}.Release|Any CPU.Build.0 = Release|Any CPU
		{DDE6062A-B605-4EEF-9960-518AB64B7CA4}.Debug|Any CPU.ActiveCfg = Debug|Any CPU
		{DDE6062A-B605-4EEF-9960-518AB64B7CA4}.Debug|Any CPU.Build.0 = Debug|Any CPU
		{DDE6062A-B605-4EEF-9960-518AB64B7CA4}.Release|Any CPU.ActiveCfg = Release|Any CPU
		{DDE6062A-B605-4EEF-9960-518AB64B7CA4}.Release|Any CPU.Build.0 = Release|Any CPU
	EndGlobalSection
	GlobalSection(SolutionProperties) = preSolution
		HideSolutionNode = FALSE
	EndGlobalSection
	GlobalSection(NestedProjects) = preSolution
		{DDE6062A-B605-4EEF-9960-518AB64B7CA4} = {F8D0D683-B4BD-4611-A2C7-B08DC65C31F4}
	EndGlobalSection
	GlobalSection(ExtensibilityGlobals) = postSolution
		SolutionGuid = {BD86BE7C-005B-4169-A498-A691D475D2D6}
	EndGlobalSection
EndGlobal
